
Microsoft Visual Studio Solution File, Format Version 12.00
# Visual Studio Version 17
VisualStudioVersion = 17.0.32014.148
MinimumVisualStudioVersion = 10.0.40219.1
Project("{FAE04EC0-301F-11D3-BF4B-00C04F79EFBC}") = "ZBW.DBAdv.Demo.Neo4j", "ZBW.DBAdv.Demo.Neo4j\ZBW.DBAdv.Demo.Neo4j.csproj", "{842F1B26-1051-42A9-A1FC-53B810A59F14}"
EndProject
Global
	GlobalSection(SolutionConfigurationPlatforms) = preSolution
		Debug|Any CPU = Debug|Any CPU
		Release|Any CPU = Release|Any CPU
	EndGlobalSection
	GlobalSection(ProjectConfigurationPlatforms) = postSolution
		{842F1B26-1051-42A9-A1FC-53B810A59F14}.Debug|Any CPU.ActiveCfg = Debug|Any CPU
		{842F1B26-1051-42A9-A1FC-53B810A59F14}.Debug|Any CPU.Build.0 = Debug|Any CPU
		{842F1B26-1051-42A9-A1FC-53B810A59F14}.Release|Any CPU.ActiveCfg = Release|Any CPU
		{842F1B26-1051-42A9-A1FC-53B810A59F14}.Release|Any CPU.Build.0 = Release|Any CPU
	EndGlobalSection
	GlobalSection(SolutionProperties) = preSolution
		HideSolutionNode = FALSE
	EndGlobalSection
	GlobalSection(ExtensibilityGlobals) = postSolution
		SolutionGuid = {7B567882-1837-4C0F-9F59-8C442128CA41}
	EndGlobalSection
EndGlobal
